{
  "nodes": {
    "catppuccin": {
      "inputs": {
        "nixpkgs": [
          "nixpkgs"
        ]
      },
      "locked": {
        "lastModified": 1776190523,
        "narHash": "sha256-qfZWzaWuXfbF487cXj43uT7HWtqF45A+g7g59fOPYsk=",
        "owner": "catppuccin",
        "repo": "nix",
        "rev": "2eefec08414e2f90824bf2b508ea38ef6f295dfa",
        "type": "github"
      },
      "original": {
        "owner": "catppuccin",
        "repo": "nix",
        "type": "github"
      }
    },
    "catppuccin-palette": {
      "flake": false,
      "locked": {
        "lastModified": 1774131488,
        "narHash": "sha256-hsy+GhuM4MSjnwGq1YJSLBFIbVm67SSdPRgObP00mxw=",
        "owner": "catppuccin",
        "repo": "palette",
        "rev": "07d02aa110ef9eb7e7427afca5c73ba9cf7f8ebd",
        "type": "github"
      },
      "original": {
        "owner": "catppuccin",
        "repo": "palette",
        "type": "github"
      }
    },
    "disko": {
      "inputs": {
        "nixpkgs": [
          "nixpkgs"
        ]
      },
      "locked": {
        "lastModified": 1773889306,
        "narHash": "sha256-PAqwnsBSI9SVC2QugvQ3xeYCB0otOwCacB1ueQj2tgw=",
        "owner": "nix-community",
        "repo": "disko",
        "rev": "5ad85c82cc52264f4beddc934ba57f3789f28347",
        "type": "github"
      },
      "original": {
        "owner": "nix-community",
        "repo": "disko",
        "type": "github"
      }
    },
    "easy-hosts": {
      "locked": {
        "lastModified": 1755470564,
        "narHash": "sha256-KB1ZryVDoQcbIsItOf4WtxkHhh3ppj+XwMpSnt/2QHc=",
        "owner": "tgirlcloud",
        "repo": "easy-hosts",
        "rev": "d0422bc7b3db26268982aa15d07e60370e76ee1d",
        "type": "github"
      },
      "original": {
        "owner": "tgirlcloud",
        "repo": "easy-hosts",
        "type": "github"
      }
    },
    "firefox-addons": {
      "inputs": {
        "nixpkgs": [
          "nixpkgs"
        ]
      },
      "locked": {
        "dir": "pkgs/firefox-addons",
        "lastModified": 1776398575,
        "narHash": "sha256-WArU6WOdWxzbzGqYk4w1Mucg+bw/SCl6MoSp+/cZMio=",
        "owner": "rycee",
        "repo": "nur-expressions",
        "rev": "05815686caf4e3678f5aeb5fd36e567886ab0d30",
        "type": "gitlab"
      },
      "original": {
        "dir": "pkgs/firefox-addons",
        "owner": "rycee",
        "repo": "nur-expressions",
        "type": "gitlab"
      }
    },
    "flake-parts": {
      "inputs": {
        "nixpkgs-lib": [
          "nixpkgs"
        ]
      },
      "locked": {
        "lastModified": 1775087534,
        "narHash": "sha256-91qqW8lhL7TLwgQWijoGBbiD4t7/q75KTi8NxjVmSmA=",
        "owner": "hercules-ci",
        "repo": "flake-parts",
        "rev": "3107b77cd68437b9a76194f0f7f9c55f2329ca5b",
        "type": "github"
      },
      "original": {
        "owner": "hercules-ci",
        "repo": "flake-parts",
        "type": "github"
      }
    },
    "flake-utils": {
      "inputs": {
        "systems": [
          "systems"
        ]
      },
      "locked": {
        "lastModified": 1731533236,
        "narHash": "sha256-l0KFg5HjrsfsO/JpG+r7fRrqm12kzFHyUHqHCVpMMbI=",
        "owner": "numtide",
        "repo": "flake-utils",
        "rev": "11707dc2f618dd54ca8739b309ec4fc024de578b",
        "type": "github"
      },
      "original": {
        "owner": "numtide",
        "repo": "flake-utils",
        "type": "github"
      }
    },
    "flakey-profile": {
      "locked": {
        "lastModified": 1712898590,
        "narHash": "sha256-FhGIEU93VHAChKEXx905TSiPZKga69bWl1VB37FK//I=",
        "owner": "lf-",
        "repo": "flakey-profile",
        "rev": "243c903fd8eadc0f63d205665a92d4df91d42d9d",
        "type": "github"
      },
      "original": {
        "owner": "lf-",
        "repo": "flakey-profile",
        "type": "github"
      }
    },
    "home-manager": {
      "inputs": {
        "nixpkgs": [
          "nixpkgs"
        ]
      },
      "locked": {
        "lastModified": 1776373306,
        "narHash": "sha256-iAJIzHngGZeLIkjzuuWI6VBsYJ1n89a/Esq0m8R1vjs=",
        "owner": "nix-community",
        "repo": "home-manager",
        "rev": "d401492e2acd4fea42f7705a3c266cea739c9c36",
        "type": "github"
      },
      "original": {
        "owner": "nix-community",
        "repo": "home-manager",
        "type": "github"
      }
    },
    "lix": {
      "flake": false,
      "locked": {
        "lastModified": 1776351905,
        "narHash": "sha256-vugSfPgUtzylKosKD+D87mo8nB4yEPoZhmtm79GuwAM=",
        "ref": "refs/heads/main",
        "rev": "15c95b95d609a15bc66835f487056dc831162f42",
        "revCount": 19125,
        "type": "git",
        "url": "https://git.lix.systems/lix-project/lix"
      },
      "original": {
        "type": "git",
        "url": "https://git.lix.systems/lix-project/lix"
      }
    },
    "lix-module": {
      "inputs": {
        "flake-utils": "flake-utils",
        "flakey-profile": "flakey-profile",
        "lix": [
          "lix"
        ],
        "nixpkgs": [
          "nixpkgs"
        ]
      },
      "locked": {
        "lastModified": 1773460763,
        "narHash": "sha256-y9kC3ff89btXS8RD6pAtM50g0qtsim1I8HXBtgSqdbI=",
        "ref": "refs/heads/main",
        "rev": "5e56f5a973e24292b125dca9e9d506b0a91d6903",
        "revCount": 180,
        "type": "git",
        "url": "https://git.lix.systems/lix-project/nixos-module"
      },
      "original": {
        "type": "git",
        "url": "https://git.lix.systems/lix-project/nixos-module"
      }
    },
    "mangowm": {
      "inputs": {
        "flake-parts": [
          "flake-parts"
        ],
        "nixpkgs": [
          "nixpkgs"
        ],
        "scenefx": "scenefx"
      },
      "locked": {
        "lastModified": 1776131149,
        "narHash": "sha256-HyiRKRGZhxVHPide+dBAkVIOYlbhGvI4TewXXAiLs8o=",
        "owner": "mangowm",
        "repo": "mango",
        "rev": "eb51499ec7f72b1e135176fdd6dde6794bde7cd7",
        "type": "github"
      },
      "original": {
        "owner": "mangowm",
        "repo": "mango",
        "type": "github"
      }
    },
    "nixpkgs": {
      "locked": {
        "lastModified": 1776169885,
        "narHash": "sha256-l/iNYDZ4bGOAFQY2q8y5OAfBBtrDAaPuRQqWaFHVRXM=",
        "owner": "nixos",
        "repo": "nixpkgs",
        "rev": "4bd9165a9165d7b5e33ae57f3eecbcb28fb231c9",
        "type": "github"
      },
      "original": {
        "owner": "nixos",
        "ref": "nixos-unstable",
        "repo": "nixpkgs",
        "type": "github"
      }
    },
    "nixvim": {
      "inputs": {
        "flake-parts": [
          "flake-parts"
        ],
        "nixpkgs": [
          "nixpkgs"
        ],
        "systems": [
          "systems"
        ]
      },
      "locked": {
        "lastModified": 1776350339,
        "narHash": "sha256-Rl+tnpvdpf66e/3m+LPNzUoebV3jpiJz7oMxas8FB3I=",
        "owner": "nix-community",
        "repo": "nixvim",
        "rev": "4f75992439d3d554a3681880510e4b645ca2d15b",
        "type": "github"
      },
      "original": {
        "owner": "nix-community",
        "repo": "nixvim",
        "type": "github"
      }
    },
    "root": {
      "inputs": {
        "catppuccin": "catppuccin",
        "catppuccin-palette": "catppuccin-palette",
        "disko": "disko",
        "easy-hosts": "easy-hosts",
        "firefox-addons": "firefox-addons",
        "flake-parts": "flake-parts",
        "home-manager": "home-manager",
        "lix": "lix",
        "lix-module": "lix-module",
        "mangowm": "mangowm",
        "nixpkgs": "nixpkgs",
        "nixvim": "nixvim",
        "systems": "systems",
        "tgirlpkgs": "tgirlpkgs",
        "treefmt": "treefmt",
        "zen-browser": "zen-browser"
      }
    },
    "scenefx": {
      "inputs": {
        "nixpkgs": [
          "mangowm",
          "nixpkgs"
        ]
      },
      "locked": {
        "lastModified": 1750785057,
        "narHash": "sha256-tGX6j4W91rcb+glXJo43sjPI9zQvPotonknG1BdihR4=",
        "owner": "wlrfx",
        "repo": "scenefx",
        "rev": "3a6cfb12e4ba97b43326357d14f7b3e40897adfc",
        "type": "github"
      },
      "original": {
        "owner": "wlrfx",
        "repo": "scenefx",
        "type": "github"
      }
    },
    "systems": {
      "locked": {
        "lastModified": 1681028828,
        "narHash": "sha256-Vy1rq5AaRuLzOxct8nz4T6wlgyUR7zLU309k9mBC768=",
        "owner": "nix-systems",
        "repo": "default",
        "rev": "da67096a3b9bf56a91d16901293e51ba5b49a27e",
        "type": "github"
      },
      "original": {
        "owner": "nix-systems",
        "repo": "default",
        "type": "github"
      }
    },
    "tgirlpkgs": {
      "inputs": {
        "nixpkgs": [
          "nixpkgs"
        ]
      },
      "locked": {
        "lastModified": 1776298043,
        "narHash": "sha256-J79s/xzEh5CKc2vQp7wFZd3LxQC2qaOXubk4OeEu72U=",
        "owner": "tgirlcloud",
        "repo": "pkgs",
        "rev": "53d970f3ef8d81e42bbfdda941c8247abbd5c693",
        "type": "github"
      },
      "original": {
        "owner": "tgirlcloud",
        "repo": "pkgs",
        "type": "github"
      }
    },
    "treefmt": {
      "inputs": {
        "nixpkgs": [
          "nixpkgs"
        ]
      },
      "locked": {
        "lastModified": 1775636079,
        "narHash": "sha256-pc20NRoMdiar8oPQceQT47UUZMBTiMdUuWrYu2obUP0=",
        "owner": "numtide",
        "repo": "treefmt-nix",
        "rev": "790751ff7fd3801feeaf96d7dc416a8d581265ba",
        "type": "github"
      },
      "original": {
        "owner": "numtide",
        "repo": "treefmt-nix",
        "type": "github"
      }
    },
    "zen-browser": {
      "inputs": {
        "home-manager": [
          "home-manager"
        ],
        "nixpkgs": [
          "nixpkgs"
        ]
      },
      "locked": {
        "lastModified": 1776403742,
        "narHash": "sha256-ZmGY9XiOsuMS/THsSNkgp2fnc3asXQX/xRrQpWnY9nA=",
        "owner": "0xc000022070",
        "repo": "zen-browser-flake",
        "rev": "ca7077bea5c830470437ea878da2a1940773324c",
        "type": "github"
      },
      "original": {
        "owner": "0xc000022070",
        "repo": "zen-browser-flake",
        "type": "github"
      }
    }
  },
  "root": "root",
  "version": 7
}
